<?xml version="1.0" encoding="utf-8"?>
<Project ToolsVersion="4.0" xmlns="http://schemas.microsoft.com/developer/msbuild/2003">
  <ItemGroup>
    <ClCompile Include="Engine\Main\Application.cpp" />
    <ClCompile Include="Engine\Main\Main.cpp" />
    <ClCompile Include="Engine\Modules\ModuleCamera.cpp">
      <Filter>Modules</Filter>
    </ClCompile>
    <ClCompile Include="Engine\Modules\ModuleEditor.cpp">
      <Filter>Modules</Filter>
    </ClCompile>
    <ClCompile Include="Engine\Modules\ModuleInput.cpp">
      <Filter>Modules</Filter>
    </ClCompile>
    <ClCompile Include="Engine\Modules\ModuleModel.cpp">
      <Filter>Modules</Filter>
    </ClCompile>
    <ClCompile Include="Engine\Modules\ModuleProgram.cpp">
      <Filter>Modules</Filter>
    </ClCompile>
    <ClCompile Include="Engine\Modules\ModuleRender.cpp">
      <Filter>Modules</Filter>
    </ClCompile>
    <ClCompile Include="Engine\Modules\ModuleTexture.cpp">
      <Filter>Modules</Filter>
    </ClCompile>
    <ClCompile Include="Engine\Modules\ModuleWindow.cpp">
      <Filter>Modules</Filter>
    </ClCompile>
    <ClCompile Include="Engine\UI\About.cpp">
      <Filter>Resources\UI</Filter>
    </ClCompile>
    <ClCompile Include="Engine\UI\Configuration.cpp">
      <Filter>Resources\UI</Filter>
    </ClCompile>
    <ClCompile Include="Engine\UI\Console.cpp">
      <Filter>Resources\UI</Filter>
    </ClCompile>
    <ClCompile Include="Engine\UI\Information.cpp">
      <Filter>Resources\UI</Filter>
    </ClCompile>
    <ClCompile Include="Engine\UI\MainMenu.cpp">
      <Filter>Resources\UI</Filter>
    </ClCompile>
    <ClCompile Include="Engine\UI\Viewport.cpp">
      <Filter>Resources\UI</Filter>
    </ClCompile>
    <ClCompile Include="Engine\Utils\log.cpp">
      <Filter>Utils</Filter>
    </ClCompile>
    <ClCompile Include="Engine\Resources\Mesh.cpp">
      <Filter>Resources\Mesh</Filter>
    </ClCompile>
    <ClCompile Include="Engine\Resources\PerformanceTimer.cpp">
      <Filter>Utils\Timers</Filter>
    </ClCompile>
    <ClCompile Include="Engine\Resources\Timer.cpp">
      <Filter>Utils\Timers</Filter>
    </ClCompile>
    <ClCompile Include="Engine\Resources\GameObject.cpp" />
    <ClCompile Include="Engine\Modules\ModuleScene.cpp" />
    <ClCompile Include="Engine\Components\ComponentMesh.cpp" />
    <ClCompile Include="Engine\Components\ComponentTransform.cpp" />
    <ClCompile Include="Engine\UI\Hierarchy.cpp" />
    <ClCompile Include="External Libs\ImGui\ImGui\imgui.cpp" />
    <ClCompile Include="External Libs\ImGui\ImGui\imgui_demo.cpp" />
    <ClCompile Include="External Libs\ImGui\ImGui\imgui_draw.cpp" />
    <ClCompile Include="External Libs\ImGui\ImGui\imgui_impl_opengl3.cpp" />
    <ClCompile Include="External Libs\ImGui\ImGui\imgui_impl_sdl.cpp" />
    <ClCompile Include="External Libs\ImGui\ImGui\imgui_widgets.cpp" />
    <ClCompile Include="External Libs\MathGeoLib\Algorithm\Random\LCG.cpp" />
    <ClCompile Include="External Libs\MathGeoLib\Algorithm\GJK.cpp" />
    <ClCompile Include="External Libs\MathGeoLib\Algorithm\GJK2D.cpp" />
    <ClCompile Include="External Libs\MathGeoLib\Algorithm\SAT.cpp" />
    <ClCompile Include="External Libs\MathGeoLib\Geometry\AABB.cpp" />
    <ClCompile Include="External Libs\MathGeoLib\Geometry\Capsule.cpp" />
    <ClCompile Include="External Libs\MathGeoLib\Geometry\Circle.cpp" />
    <ClCompile Include="External Libs\MathGeoLib\Geometry\Circle2D.cpp" />
    <ClCompile Include="External Libs\MathGeoLib\Geometry\Frustum.cpp" />
    <ClCompile Include="External Libs\MathGeoLib\Geometry\Line.cpp" />
    <ClCompile Include="External Libs\MathGeoLib\Geometry\LineSegment.cpp" />
    <ClCompile Include="External Libs\MathGeoLib\Geometry\LineSegment2D.cpp" />
    <ClCompile Include="External Libs\MathGeoLib\Geometry\OBB.cpp" />
    <ClCompile Include="External Libs\MathGeoLib\Geometry\PBVolume.cpp" />
    <ClCompile Include="External Libs\MathGeoLib\Geometry\Plane.cpp" />
    <ClCompile Include="External Libs\MathGeoLib\Geometry\Polygon.cpp" />
    <ClCompile Include="External Libs\MathGeoLib\Geometry\Polyhedron.cpp" />
    <ClCompile Include="External Libs\MathGeoLib\Geometry\Ray.cpp" />
    <ClCompile Include="External Libs\MathGeoLib\Geometry\Sphere.cpp" />
    <ClCompile Include="External Libs\MathGeoLib\Geometry\Triangle.cpp" />
    <ClCompile Include="External Libs\MathGeoLib\Geometry\Triangle2D.cpp" />
    <ClCompile Include="External Libs\MathGeoLib\Geometry\TriangleMesh.cpp" />
    <ClCompile Include="External Libs\MathGeoLib\Math\BitOps.cpp" />
    <ClCompile Include="External Libs\MathGeoLib\Math\Callstack.cpp" />
    <ClCompile Include="External Libs\MathGeoLib\Math\float2.cpp" />
    <ClCompile Include="External Libs\MathGeoLib\Math\float3.cpp" />
    <ClCompile Include="External Libs\MathGeoLib\Math\float3x3.cpp" />
    <ClCompile Include="External Libs\MathGeoLib\Math\float3x4.cpp" />
    <ClCompile Include="External Libs\MathGeoLib\Math\float4.cpp" />
    <ClCompile Include="External Libs\MathGeoLib\Math\float4d.cpp" />
    <ClCompile Include="External Libs\MathGeoLib\Math\float4x4.cpp" />
    <ClCompile Include="External Libs\MathGeoLib\Math\grisu3.c" />
    <ClCompile Include="External Libs\MathGeoLib\Math\grisu3_cpp.cpp" />
    <ClCompile Include="External Libs\MathGeoLib\Math\MathFunc.cpp" />
    <ClCompile Include="External Libs\MathGeoLib\Math\MathLog.cpp" />
    <ClCompile Include="External Libs\MathGeoLib\Math\MathOps.cpp" />
    <ClCompile Include="External Libs\MathGeoLib\Math\MiniFloat.cpp" />
    <ClCompile Include="External Libs\MathGeoLib\Math\Polynomial.cpp" />
    <ClCompile Include="External Libs\MathGeoLib\Math\Quat.cpp" />
    <ClCompile Include="External Libs\MathGeoLib\Math\SSEMath.cpp" />
    <ClCompile Include="External Libs\MathGeoLib\Math\TransformOps.cpp" />
    <ClCompile Include="External Libs\MathGeoLib\Time\Clock.cpp" />
    <ClCompile Include="External Libs\Debug Draw\Debug Draw\ModuleDebugDraw.cpp" />
  </ItemGroup>
  <ItemGroup>
    <ClInclude Include="Engine\Main\Application.h" />
    <ClInclude Include="Engine\Modules\Module.h">
      <Filter>Modules</Filter>
    </ClInclude>
    <ClInclude Include="Engine\Modules\ModuleCamera.h">
      <Filter>Modules</Filter>
    </ClInclude>
    <ClInclude Include="Engine\Modules\ModuleEditor.h">
      <Filter>Modules</Filter>
    </ClInclude>
    <ClInclude Include="Engine\Modules\ModuleInput.h">
      <Filter>Modules</Filter>
    </ClInclude>
    <ClInclude Include="Engine\Modules\ModuleModel.h">
      <Filter>Modules</Filter>
    </ClInclude>
    <ClInclude Include="Engine\Modules\ModuleProgram.h">
      <Filter>Modules</Filter>
    </ClInclude>
    <ClInclude Include="Engine\Modules\ModuleRender.h">
      <Filter>Modules</Filter>
    </ClInclude>
    <ClInclude Include="Engine\Modules\ModuleTexture.h">
      <Filter>Modules</Filter>
    </ClInclude>
    <ClInclude Include="Engine\Modules\ModuleWindow.h">
      <Filter>Modules</Filter>
    </ClInclude>
    <ClInclude Include="Engine\UI\About.h">
      <Filter>Resources\UI</Filter>
    </ClInclude>
    <ClInclude Include="Engine\UI\Configuration.h">
      <Filter>Resources\UI</Filter>
    </ClInclude>
    <ClInclude Include="Engine\UI\Console.h">
      <Filter>Resources\UI</Filter>
    </ClInclude>
    <ClInclude Include="Engine\UI\Information.h">
      <Filter>Resources\UI</Filter>
    </ClInclude>
    <ClInclude Include="Engine\UI\MainMenu.h">
      <Filter>Resources\UI</Filter>
    </ClInclude>
    <ClInclude Include="Engine\UI\Viewport.h">
      <Filter>Resources\UI</Filter>
    </ClInclude>
    <ClInclude Include="Engine\Utils\Globals.h">
      <Filter>Utils</Filter>
    </ClInclude>
    <ClInclude Include="Engine\Utils\LeakTest.h">
      <Filter>Utils</Filter>
    </ClInclude>
    <ClInclude Include="Engine\Utils\Point.h">
      <Filter>Utils</Filter>
    </ClInclude>
    <ClInclude Include="Engine\Utils\Timmers\PerformanceTimer.h">
      <Filter>Utils\Timers</Filter>
    </ClInclude>
    <ClInclude Include="Engine\Utils\Timmers\Timer.h">
      <Filter>Utils\Timers</Filter>
    </ClInclude>
    <ClInclude Include="Engine\UI\UIWindow.h">
      <Filter>Resources\UI</Filter>
    </ClInclude>
    <ClInclude Include="Engine\Components\Component.h">
      <Filter>Components</Filter>
    </ClInclude>
    <ClInclude Include="Engine\Components\ComponentCamera.h">
      <Filter>Components</Filter>
    </ClInclude>
    <ClInclude Include="Engine\Components\ComponentMesh.h" />
    <ClInclude Include="Engine\Resources\Mesh.h">
      <Filter>Resources\Mesh</Filter>
    </ClInclude>
    <ClInclude Include="Engine\Resources\GameObject.h" />
    <ClInclude Include="Engine\Modules\ModuleScene.h" />
    <ClInclude Include="Engine\Components\ComponentTransform.h" />
    <ClInclude Include="Engine\UI\Hierarchy.h" />
    <ClInclude Include="External Libs\ImGui\ImGui\imconfig.h" />
    <ClInclude Include="External Libs\ImGui\ImGui\imgui.h" />
    <ClInclude Include="External Libs\ImGui\ImGui\imgui_impl_opengl3.h" />
    <ClInclude Include="External Libs\ImGui\ImGui\imgui_impl_sdl.h" />
    <ClInclude Include="External Libs\ImGui\ImGui\imgui_internal.h" />
    <ClInclude Include="External Libs\ImGui\ImGui\imstb_rectpack.h" />
    <ClInclude Include="External Libs\ImGui\ImGui\imstb_textedit.h" />
    <ClInclude Include="External Libs\ImGui\ImGui\imstb_truetype.h" />
    <ClInclude Include="External Libs\MathGeoLib\Algorithm\Random\LCG.h" />
    <ClInclude Include="External Libs\MathGeoLib\Algorithm\GJK.h" />
    <ClInclude Include="External Libs\MathGeoLib\Algorithm\GJK2D.h" />
    <ClInclude Include="External Libs\MathGeoLib\Algorithm\SAT.h" />
    <ClInclude Include="External Libs\MathGeoLib\emscripten\library_system.h" />
    <ClInclude Include="External Libs\MathGeoLib\Geometry\AABB.h" />
    <ClInclude Include="External Libs\MathGeoLib\Geometry\AABB2D.h" />
    <ClInclude Include="External Libs\MathGeoLib\Geometry\Capsule.h" />
    <ClInclude Include="External Libs\MathGeoLib\Geometry\Circle.h" />
    <ClInclude Include="External Libs\MathGeoLib\Geometry\Circle2D.h" />
    <ClInclude Include="External Libs\MathGeoLib\Geometry\Frustum.h" />
    <ClInclude Include="External Libs\MathGeoLib\Geometry\GeometryAll.h" />
    <ClInclude Include="External Libs\MathGeoLib\Geometry\GeomType.h" />
    <ClInclude Include="External Libs\MathGeoLib\Geometry\HitInfo.h" />
    <ClInclude Include="External Libs\MathGeoLib\Geometry\KDTree.h" />
    <ClInclude Include="External Libs\MathGeoLib\Geometry\Line.h" />
    <ClInclude Include="External Libs\MathGeoLib\Geometry\LineSegment.h" />
    <ClInclude Include="External Libs\MathGeoLib\Geometry\LineSegment2D.h" />
    <ClInclude Include="External Libs\MathGeoLib\Geometry\OBB.h" />
    <ClInclude Include="External Libs\MathGeoLib\Geometry\OBB2D.h" />
    <ClInclude Include="External Libs\MathGeoLib\Geometry\PBVolume.h" />
    <ClInclude Include="External Libs\MathGeoLib\Geometry\Plane.h" />
    <ClInclude Include="External Libs\MathGeoLib\Geometry\Polygon.h" />
    <ClInclude Include="External Libs\MathGeoLib\Geometry\Polygon2DRef.h" />
    <ClInclude Include="External Libs\MathGeoLib\Geometry\Polyhedron.h" />
    <ClInclude Include="External Libs\MathGeoLib\Geometry\QuadTree.h" />
    <ClInclude Include="External Libs\MathGeoLib\Geometry\Ray.h" />
    <ClInclude Include="External Libs\MathGeoLib\Geometry\Sphere.h" />
    <ClInclude Include="External Libs\MathGeoLib\Geometry\Triangle.h" />
    <ClInclude Include="External Libs\MathGeoLib\Geometry\Triangle2D.h" />
    <ClInclude Include="External Libs\MathGeoLib\Geometry\TriangleMesh.h" />
    <ClInclude Include="External Libs\MathGeoLib\Math\assume.h" />
    <ClInclude Include="External Libs\MathGeoLib\Math\BitFuncs.h" />
    <ClInclude Include="External Libs\MathGeoLib\Math\BitOps.h" />
    <ClInclude Include="External Libs\MathGeoLib\Math\Callstack.h" />
    <ClInclude Include="External Libs\MathGeoLib\Math\FixedPoint.h" />
    <ClInclude Include="External Libs\MathGeoLib\Math\float2.h" />
    <ClInclude Include="External Libs\MathGeoLib\Math\float3.h" />
    <ClInclude Include="External Libs\MathGeoLib\Math\float3x3.h" />
    <ClInclude Include="External Libs\MathGeoLib\Math\float3x4.h" />
    <ClInclude Include="External Libs\MathGeoLib\Math\float4.h" />
    <ClInclude Include="External Libs\MathGeoLib\Math\float4_neon.h" />
    <ClInclude Include="External Libs\MathGeoLib\Math\float4_sse.h" />
    <ClInclude Include="External Libs\MathGeoLib\Math\float4d.h" />
    <ClInclude Include="External Libs\MathGeoLib\Math\float4x4.h" />
    <ClInclude Include="External Libs\MathGeoLib\Math\float4x4_neon.h" />
    <ClInclude Include="External Libs\MathGeoLib\Math\float4x4_sse.h" />
    <ClInclude Include="External Libs\MathGeoLib\Math\FloatCmp.h" />
    <ClInclude Include="External Libs\MathGeoLib\Math\grisu3.h" />
    <ClInclude Include="External Libs\MathGeoLib\Math\InclWindows.h" />
    <ClInclude Include="External Libs\MathGeoLib\Math\Interpolate.h" />
    <ClInclude Include="External Libs\MathGeoLib\Math\MathAll.h" />
    <ClInclude Include="External Libs\MathGeoLib\Math\MathConstants.h" />
    <ClInclude Include="External Libs\MathGeoLib\Math\MathFunc.h" />
    <ClInclude Include="External Libs\MathGeoLib\Math\MathLog.h" />
    <ClInclude Include="External Libs\MathGeoLib\Math\MathNamespace.h" />
    <ClInclude Include="External Libs\MathGeoLib\Math\MathTypes.h" />
    <ClInclude Include="External Libs\MathGeoLib\Math\MatrixProxy.h" />
    <ClInclude Include="External Libs\MathGeoLib\Math\MiniFloat.h" />
    <ClInclude Include="External Libs\MathGeoLib\Math\MultiLineMacro.h" />
    <ClInclude Include="External Libs\MathGeoLib\Math\myassert.h" />
    <ClInclude Include="External Libs\MathGeoLib\Math\Polynomial.h" />
    <ClInclude Include="External Libs\MathGeoLib\Math\Quat.h" />
    <ClInclude Include="External Libs\MathGeoLib\Math\quat_simd.h" />
    <ClInclude Include="External Libs\MathGeoLib\Math\Rect.h" />
    <ClInclude Include="External Libs\MathGeoLib\Math\Reinterpret.h" />
    <ClInclude Include="External Libs\MathGeoLib\Math\simd.h" />
    <ClInclude Include="External Libs\MathGeoLib\Math\sse_mathfun.h" />
    <ClInclude Include="External Libs\MathGeoLib\Math\SSEMath.h" />
    <ClInclude Include="External Libs\MathGeoLib\Math\Swap.h" />
    <ClInclude Include="External Libs\MathGeoLib\Math\TransformOps.h" />
    <ClInclude Include="External Libs\MathGeoLib\Math\vec2d.h" />
    <ClInclude Include="External Libs\MathGeoLib\Time\Clock.h" />
    <ClInclude Include="External Libs\MathGeoLib\MathBuildConfig.h" />
    <ClInclude Include="External Libs\MathGeoLib\MathGeoLib.h" />
    <ClInclude Include="External Libs\MathGeoLib\MathGeoLibFwd.h" />
    <ClInclude Include="External Libs\Debug Draw\Debug Draw\debug_draw.hpp" />
    <ClInclude Include="External Libs\Debug Draw\Debug Draw\debugdraw.h" />
    <ClInclude Include="External Libs\Debug Draw\Debug Draw\ModuleDebugDraw.h" />
    <ClInclude Include="Engine\Resources\Timer.h" />
    <ClInclude Include="Engine\Resources\PerformanceTimer.h" />
  </ItemGroup>
  <ItemGroup>
    <Filter Include="Modules">
      <UniqueIdentifier>{0bfdabb6-ec16-4110-849c-723936812bfb}</UniqueIdentifier>
    </Filter>
    <Filter Include="Utils">
      <UniqueIdentifier>{88c985f8-055b-48f5-a212-36a932f1447b}</UniqueIdentifier>
    </Filter>
    <Filter Include="MathGeoLib">
      <UniqueIdentifier>{d38a4c00-4f5b-44d3-80c2-a2aa3df588be}</UniqueIdentifier>
    </Filter>
    <Filter Include="Debug Draw">
      <UniqueIdentifier>{308e90b5-dce6-422f-a78b-8fee0e44f40e}</UniqueIdentifier>
    </Filter>
    <Filter Include="Shaders">
      <UniqueIdentifier>{00970e2f-7b20-495d-9fb9-09aba29b70f4}</UniqueIdentifier>
    </Filter>
    <Filter Include="ImGui">
      <UniqueIdentifier>{3836a1c1-ddfd-4d45-9a85-1217c41429d3}</UniqueIdentifier>
    </Filter>
    <Filter Include="Utils\Timers">
      <UniqueIdentifier>{fe0dcd98-28c3-4bc6-816d-00e8a6e451c3}</UniqueIdentifier>
    </Filter>
    <Filter Include="Components">
      <UniqueIdentifier>{8bd052a5-08ee-4b11-8d83-3eca4cb45b9f}</UniqueIdentifier>
    </Filter>
    <Filter Include="Resources">
      <UniqueIdentifier>{77acc30b-e26c-44b0-b491-3c3ba83460c4}</UniqueIdentifier>
    </Filter>
    <Filter Include="Resources\Mesh">
      <UniqueIdentifier>{27ac4752-ae18-4199-85a7-b374644e06f3}</UniqueIdentifier>
    </Filter>
    <Filter Include="Resources\UI">
      <UniqueIdentifier>{02d353f3-6b01-4941-869b-14488263744d}</UniqueIdentifier>
    </Filter>
  </ItemGroup>
  <ItemGroup>
    <None Include="Game\assets\vertex.glsl">
      <Filter>Shaders</Filter>
    </None>
    <None Include="Game\assets\fragment.glsl">
      <Filter>Shaders</Filter>
    </None>
    <None Include="External Libs\MathGeoLib\Geometry\KDTree.inl" />
    <None Include="External Libs\MathGeoLib\Geometry\QuadTree.inl" />
    <None Include="External Libs\MathGeoLib\Geometry\TriangleMesh_IntersectRay_AVX.inl" />
    <None Include="External Libs\MathGeoLib\Geometry\TriangleMesh_IntersectRay_CPP.inl" />
    <None Include="External Libs\MathGeoLib\Geometry\TriangleMesh_IntersectRay_SSE.inl" />
    <None Include="External Libs\MathGeoLib\Math\float2.inl" />
    <None Include="External Libs\MathGeoLib\Math\Matrix.inl" />
  </ItemGroup>
</Project>